
Microsoft Visual Studio Solution File, Format Version 12.00
# Visual Studio Version 17
VisualStudioVersion = 17.3.32804.467
MinimumVisualStudioVersion = 10.0.40219.1
Project("{FAE04EC0-301F-11D3-BF4B-00C04F79EFBC}") = "BulkyBookWeb", "BulkyBookWeb\BulkyBookWeb.csproj", "{5A846CC1-3DA8-434E-BB07-33D46AA90DE7}"
EndProject
Global
	GlobalSection(SolutionConfigurationPlatforms) = preSolution
		Debug|Any CPU = Debug|Any CPU
		Release|Any CPU = Release|Any CPU
	EndGlobalSection
	GlobalSection(ProjectConfigurationPlatforms) = postSolution
		{5A846CC1-3DA8-434E-BB07-33D46AA90DE7}.Debug|Any CPU.ActiveCfg = Debug|Any CPU
		{5A846CC1-3DA8-434E-BB07-33D46AA90DE7}.Debug|Any CPU.Build.0 = Debug|Any CPU
		{5A846CC1-3DA8-434E-BB07-33D46AA90DE7}.Release|Any CPU.ActiveCfg = Release|Any CPU
		{5A846CC1-3DA8-434E-BB07-33D46AA90DE7}.Release|Any CPU.Build.0 = Release|Any CPU
	EndGlobalSection
	GlobalSection(SolutionProperties) = preSolution
		HideSolutionNode = FALSE
	EndGlobalSection
	GlobalSection(ExtensibilityGlobals) = postSolution
		SolutionGuid = {57CDF495-BA86-4203-94AC-32914EB12260}
	EndGlobalSection
EndGlobal
